
Microsoft Visual Studio Solution File, Format Version 12.00
# Visual Studio 2013
VisualStudioVersion = 12.0.31101.0
MinimumVisualStudioVersion = 10.0.40219.1
Project("{FAE04EC0-301F-11D3-BF4B-00C04F79EFBC}") = "VocalConcert.Entity", "VocalConcert.Entity\VocalConcert.Entity.csproj", "{BCBC4EC1-08A6-423D-B435-6F8B2273FE9A}"
EndProject
Project("{FAE04EC0-301F-11D3-BF4B-00C04F79EFBC}") = "VocalConcert.Web", "VocalConcert.Web\VocalConcert.Web.csproj", "{AFCD9DB3-1144-46AD-87AC-A58C69BFC525}"
EndProject
Global
	GlobalSection(SolutionConfigurationPlatforms) = preSolution
		Debug|Any CPU = Debug|Any CPU
		Release|Any CPU = Release|Any CPU
	EndGlobalSection
	GlobalSection(ProjectConfigurationPlatforms) = postSolution
		{BCBC4EC1-08A6-423D-B435-6F8B2273FE9A}.Debug|Any CPU.ActiveCfg = Debug|Any CPU
		{BCBC4EC1-08A6-423D-B435-6F8B2273FE9A}.Debug|Any CPU.Build.0 = Debug|Any CPU
		{BCBC4EC1-08A6-423D-B435-6F8B2273FE9A}.Release|Any CPU.ActiveCfg = Release|Any CPU
		{BCBC4EC1-08A6-423D-B435-6F8B2273FE9A}.Release|Any CPU.Build.0 = Release|Any CPU
		{AFCD9DB3-1144-46AD-87AC-A58C69BFC525}.Debug|Any CPU.ActiveCfg = Debug|Any CPU
		{AFCD9DB3-1144-46AD-87AC-A58C69BFC525}.Debug|Any CPU.Build.0 = Debug|Any CPU
		{AFCD9DB3-1144-46AD-87AC-A58C69BFC525}.Release|Any CPU.ActiveCfg = Release|Any CPU
		{AFCD9DB3-1144-46AD-87AC-A58C69BFC525}.Release|Any CPU.Build.0 = Release|Any CPU
	EndGlobalSection
	GlobalSection(SolutionProperties) = preSolution
		HideSolutionNode = FALSE
	EndGlobalSection
EndGlobal
